
Microsoft Visual Studio Solution File, Format Version 12.00
# Visual Studio Version 17
VisualStudioVersion = 17.5.33627.172
MinimumVisualStudioVersion = 10.0.40219.1
Project("{9A19103F-16F7-4668-BE54-9A1E7A4F7556}") = "CSTechnicalChallenges", "CSTechnicalChallenges.csproj", "{0915C40D-9314-4253-AD50-0F797B3F0E40}"
EndProject
Project("{9A19103F-16F7-4668-BE54-9A1E7A4F7556}") = "CSTechnicalChallengesTests", "CSTechnicalChallengesTests\CSTechnicalChallengesTests.csproj", "{0A546653-A0AD-4107-BA5F-97F96AF01855}"
EndProject
Global
	GlobalSection(SolutionConfigurationPlatforms) = preSolution
		Debug|Any CPU = Debug|Any CPU
		Release|Any CPU = Release|Any CPU
	EndGlobalSection
	GlobalSection(ProjectConfigurationPlatforms) = postSolution
		{0915C40D-9314-4253-AD50-0F797B3F0E40}.Debug|Any CPU.ActiveCfg = Debug|Any CPU
		{0915C40D-9314-4253-AD50-0F797B3F0E40}.Debug|Any CPU.Build.0 = Debug|Any CPU
		{0915C40D-9314-4253-AD50-0F797B3F0E40}.Release|Any CPU.ActiveCfg = Release|Any CPU
		{0915C40D-9314-4253-AD50-0F797B3F0E40}.Release|Any CPU.Build.0 = Release|Any CPU
		{0A546653-A0AD-4107-BA5F-97F96AF01855}.Debug|Any CPU.ActiveCfg = Debug|Any CPU
		{0A546653-A0AD-4107-BA5F-97F96AF01855}.Debug|Any CPU.Build.0 = Debug|Any CPU
		{0A546653-A0AD-4107-BA5F-97F96AF01855}.Release|Any CPU.ActiveCfg = Release|Any CPU
		{0A546653-A0AD-4107-BA5F-97F96AF01855}.Release|Any CPU.Build.0 = Release|Any CPU
	EndGlobalSection
	GlobalSection(SolutionProperties) = preSolution
		HideSolutionNode = FALSE
	EndGlobalSection
	GlobalSection(ExtensibilityGlobals) = postSolution
		SolutionGuid = {76974C2B-8FA8-4F48-B5B9-BC941C34E347}
	EndGlobalSection
EndGlobal
